
Microsoft Visual Studio Solution File, Format Version 12.00
# Visual Studio Version 17
VisualStudioVersion = 17.11.35303.130
MinimumVisualStudioVersion = 10.0.40219.1
Project("{FAE04EC0-301F-11D3-BF4B-00C04F79EFBC}") = "Vidrieria_La_Union_#3", "Vidrieria_La_Union_#3\Vidrieria_La_Union_#3.csproj", "{709A6CDF-F810-4BBE-BC61-DF8BD6221CDC}"
EndProject
Global
	GlobalSection(SolutionConfigurationPlatforms) = preSolution
		Debug|Any CPU = Debug|Any CPU
		Release|Any CPU = Release|Any CPU
	EndGlobalSection
	GlobalSection(ProjectConfigurationPlatforms) = postSolution
		{709A6CDF-F810-4BBE-BC61-DF8BD6221CDC}.Debug|Any CPU.ActiveCfg = Debug|Any CPU
		{709A6CDF-F810-4BBE-BC61-DF8BD6221CDC}.Debug|Any CPU.Build.0 = Debug|Any CPU
		{709A6CDF-F810-4BBE-BC61-DF8BD6221CDC}.Release|Any CPU.ActiveCfg = Release|Any CPU
		{709A6CDF-F810-4BBE-BC61-DF8BD6221CDC}.Release|Any CPU.Build.0 = Release|Any CPU
	EndGlobalSection
	GlobalSection(SolutionProperties) = preSolution
		HideSolutionNode = FALSE
	EndGlobalSection
	GlobalSection(ExtensibilityGlobals) = postSolution
		SolutionGuid = {A1EC752B-E95B-4858-9CD5-A7EB9AC81EEE}
	EndGlobalSection
EndGlobal
